
Microsoft Visual Studio Solution File, Format Version 12.00
# Visual Studio Version 17
VisualStudioVersion = 17.10.34916.146
MinimumVisualStudioVersion = 10.0.40219.1
Project("{FAE04EC0-301F-11D3-BF4B-00C04F79EFBC}") = "ibmsapi", "ibmsapi\ibmsapi.csproj", "{1FE42C26-199A-473F-A9BE-097E884312AB}"
EndProject
Project("{FAE04EC0-301F-11D3-BF4B-00C04F79EFBC}") = "WebUI", "WebUI\WebUI.csproj", "{822B78FF-F21C-422D-AA0B-5E88BB7DEEC3}"
EndProject
Global
	GlobalSection(SolutionConfigurationPlatforms) = preSolution
		Debug|Any CPU = Debug|Any CPU
		Release|Any CPU = Release|Any CPU
	EndGlobalSection
	GlobalSection(ProjectConfigurationPlatforms) = postSolution
		{1FE42C26-199A-473F-A9BE-097E884312AB}.Debug|Any CPU.ActiveCfg = Debug|Any CPU
		{1FE42C26-199A-473F-A9BE-097E884312AB}.Debug|Any CPU.Build.0 = Debug|Any CPU
		{1FE42C26-199A-473F-A9BE-097E884312AB}.Release|Any CPU.ActiveCfg = Release|Any CPU
		{1FE42C26-199A-473F-A9BE-097E884312AB}.Release|Any CPU.Build.0 = Release|Any CPU
		{822B78FF-F21C-422D-AA0B-5E88BB7DEEC3}.Debug|Any CPU.ActiveCfg = Debug|Any CPU
		{822B78FF-F21C-422D-AA0B-5E88BB7DEEC3}.Debug|Any CPU.Build.0 = Debug|Any CPU
		{822B78FF-F21C-422D-AA0B-5E88BB7DEEC3}.Release|Any CPU.ActiveCfg = Release|Any CPU
		{822B78FF-F21C-422D-AA0B-5E88BB7DEEC3}.Release|Any CPU.Build.0 = Release|Any CPU
	EndGlobalSection
	GlobalSection(SolutionProperties) = preSolution
		HideSolutionNode = FALSE
	EndGlobalSection
	GlobalSection(ExtensibilityGlobals) = postSolution
		SolutionGuid = {94EFE9C6-5ADB-4F66-86CD-8D69ADF94376}
	EndGlobalSection
EndGlobal
